// !$*UTF8*$!
{
	archiveVersion = 1;
	classes = {
	};
	objectVersion = 48;
	objects = {

/* Begin PBXBuildFile section */
		811BC270208BDBE40015F033 /* NetworkHelper.swift in Sources */ = {isa = PBXBuildFile; fileRef = 811BC26F208BDBE40015F033 /* NetworkHelper.swift */; };
		D29FFAF5208A4F6700D46F79 /* AppDelegate.swift in Sources */ = {isa = PBXBuildFile; fileRef = D29FFAF4208A4F6700D46F79 /* AppDelegate.swift */; };
		D29FFAF7208A4F6700D46F79 /* CameraViewController.swift in Sources */ = {isa = PBXBuildFile; fileRef = D29FFAF6208A4F6700D46F79 /* CameraViewController.swift */; };
		D29FFAFC208A4F6700D46F79 /* Assets.xcassets in Resources */ = {isa = PBXBuildFile; fileRef = D29FFAFB208A4F6700D46F79 /* Assets.xcassets */; };
		D29FFAFF208A4F6700D46F79 /* LaunchScreen.storyboard in Resources */ = {isa = PBXBuildFile; fileRef = D29FFAFD208A4F6700D46F79 /* LaunchScreen.storyboard */; };
		D29FFB0B208A561500D46F79 /* Resnet50.mlmodel in Sources */ = {isa = PBXBuildFile; fileRef = D29FFB0A208A561500D46F79 /* Resnet50.mlmodel */; };
		D29FFB0D208A585300D46F79 /* CameraView.swift in Sources */ = {isa = PBXBuildFile; fileRef = D29FFB0C208A585300D46F79 /* CameraView.swift */; };
		DBF28591208B666A00F9ED7B /* DismissViewTemplate.swift in Sources */ = {isa = PBXBuildFile; fileRef = DBF28590208B666A00F9ED7B /* DismissViewTemplate.swift */; };
		DBF285A2208B8EB200F9ED7B /* BaseLanguageViewController.swift in Sources */ = {isa = PBXBuildFile; fileRef = DBF285A1208B8EB200F9ED7B /* BaseLanguageViewController.swift */; };
		DBF285A4208B8EBE00F9ED7B /* TargetLanguageViewController.swift in Sources */ = {isa = PBXBuildFile; fileRef = DBF285A3208B8EBE00F9ED7B /* TargetLanguageViewController.swift */; };
		DBF285A7208B8EE000F9ED7B /* TextToSpeechAPI.swift in Sources */ = {isa = PBXBuildFile; fileRef = DBF285A6208B8EE000F9ED7B /* TextToSpeechAPI.swift */; };
		DBF285A9208B8EF900F9ED7B /* BaseLanguageView.swift in Sources */ = {isa = PBXBuildFile; fileRef = DBF285A8208B8EF900F9ED7B /* BaseLanguageView.swift */; };
		DBF285AB208B8F0800F9ED7B /* TargetLanguageView.swift in Sources */ = {isa = PBXBuildFile; fileRef = DBF285AA208B8F0800F9ED7B /* TargetLanguageView.swift */; };
		DBF285B3208BA49D00F9ED7B /* LanguageTableViewCell.swift in Sources */ = {isa = PBXBuildFile; fileRef = DBF285B2208BA49D00F9ED7B /* LanguageTableViewCell.swift */; };
		DBF285B5208BA4F200F9ED7B /* Languages.swift in Sources */ = {isa = PBXBuildFile; fileRef = DBF285B4208BA4F200F9ED7B /* Languages.swift */; };
		DBF285BA208BAE1B00F9ED7B /* UserDefaultsHelper.swift in Sources */ = {isa = PBXBuildFile; fileRef = DBF285B9208BAE1B00F9ED7B /* UserDefaultsHelper.swift */; };
/* End PBXBuildFile section */

/* Begin PBXFileReference section */
		811BC26F208BDBE40015F033 /* NetworkHelper.swift */ = {isa = PBXFileReference; lastKnownFileType = sourcecode.swift; path = NetworkHelper.swift; sourceTree = "<group>"; };
		D29FFAF1208A4F6700D46F79 /* ImageRecognitionTest.app */ = {isa = PBXFileReference; explicitFileType = wrapper.application; includeInIndex = 0; path = ImageRecognitionTest.app; sourceTree = BUILT_PRODUCTS_DIR; };
		D29FFAF4208A4F6700D46F79 /* AppDelegate.swift */ = {isa = PBXFileReference; lastKnownFileType = sourcecode.swift; path = AppDelegate.swift; sourceTree = "<group>"; };
		D29FFAF6208A4F6700D46F79 /* CameraViewController.swift */ = {isa = PBXFileReference; lastKnownFileType = sourcecode.swift; path = CameraViewController.swift; sourceTree = "<group>"; };
		D29FFAFB208A4F6700D46F79 /* Assets.xcassets */ = {isa = PBXFileReference; lastKnownFileType = folder.assetcatalog; path = Assets.xcassets; sourceTree = "<group>"; };
		D29FFAFE208A4F6700D46F79 /* Base */ = {isa = PBXFileReference; lastKnownFileType = file.storyboard; name = Base; path = Base.lproj/LaunchScreen.storyboard; sourceTree = "<group>"; };
		D29FFB00208A4F6700D46F79 /* Info.plist */ = {isa = PBXFileReference; lastKnownFileType = text.plist.xml; path = Info.plist; sourceTree = "<group>"; };
		D29FFB0A208A561500D46F79 /* Resnet50.mlmodel */ = {isa = PBXFileReference; lastKnownFileType = file.mlmodel; path = Resnet50.mlmodel; sourceTree = "<group>"; };
		D29FFB0C208A585300D46F79 /* CameraView.swift */ = {isa = PBXFileReference; lastKnownFileType = sourcecode.swift; path = CameraView.swift; sourceTree = "<group>"; };
		DBF28590208B666A00F9ED7B /* DismissViewTemplate.swift */ = {isa = PBXFileReference; lastKnownFileType = sourcecode.swift; path = DismissViewTemplate.swift; sourceTree = "<group>"; };
		DBF285A1208B8EB200F9ED7B /* BaseLanguageViewController.swift */ = {isa = PBXFileReference; lastKnownFileType = sourcecode.swift; path = BaseLanguageViewController.swift; sourceTree = "<group>"; };
		DBF285A3208B8EBE00F9ED7B /* TargetLanguageViewController.swift */ = {isa = PBXFileReference; lastKnownFileType = sourcecode.swift; path = TargetLanguageViewController.swift; sourceTree = "<group>"; };
		DBF285A6208B8EE000F9ED7B /* TextToSpeechAPI.swift */ = {isa = PBXFileReference; lastKnownFileType = sourcecode.swift; path = TextToSpeechAPI.swift; sourceTree = "<group>"; };
		DBF285A8208B8EF900F9ED7B /* BaseLanguageView.swift */ = {isa = PBXFileReference; lastKnownFileType = sourcecode.swift; path = BaseLanguageView.swift; sourceTree = "<group>"; };
		DBF285AA208B8F0800F9ED7B /* TargetLanguageView.swift */ = {isa = PBXFileReference; lastKnownFileType = sourcecode.swift; path = TargetLanguageView.swift; sourceTree = "<group>"; };
		DBF285B2208BA49D00F9ED7B /* LanguageTableViewCell.swift */ = {isa = PBXFileReference; lastKnownFileType = sourcecode.swift; path = LanguageTableViewCell.swift; sourceTree = "<group>"; };
		DBF285B4208BA4F200F9ED7B /* Languages.swift */ = {isa = PBXFileReference; lastKnownFileType = sourcecode.swift; path = Languages.swift; sourceTree = "<group>"; };
		DBF285B9208BAE1B00F9ED7B /* UserDefaultsHelper.swift */ = {isa = PBXFileReference; lastKnownFileType = sourcecode.swift; path = UserDefaultsHelper.swift; sourceTree = "<group>"; };
/* End PBXFileReference section */

/* Begin PBXFrameworksBuildPhase section */
		D29FFAEE208A4F6700D46F79 /* Frameworks */ = {
			isa = PBXFrameworksBuildPhase;
			buildActionMask = 2147483647;
			files = (
			);
			runOnlyForDeploymentPostprocessing = 0;
		};
/* End PBXFrameworksBuildPhase section */

/* Begin PBXGroup section */
		D29FFAE8208A4F6700D46F79 = {
			isa = PBXGroup;
			children = (
				D29FFAF3208A4F6700D46F79 /* ImageRecognitionTest */,
				D29FFAF2208A4F6700D46F79 /* Products */,
			);
			sourceTree = "<group>";
		};
		D29FFAF2208A4F6700D46F79 /* Products */ = {
			isa = PBXGroup;
			children = (
				D29FFAF1208A4F6700D46F79 /* ImageRecognitionTest.app */,
			);
			name = Products;
			sourceTree = "<group>";
		};
		D29FFAF3208A4F6700D46F79 /* ImageRecognitionTest */ = {
			isa = PBXGroup;
			children = (
				D29FFAF4208A4F6700D46F79 /* AppDelegate.swift */,
				D29FFAFB208A4F6700D46F79 /* Assets.xcassets */,
				D29FFAFD208A4F6700D46F79 /* LaunchScreen.storyboard */,
				D29FFB00208A4F6700D46F79 /* Info.plist */,
				D29FFB0A208A561500D46F79 /* Resnet50.mlmodel */,
				DBF2858E208B663C00F9ED7B /* ViewControllers */,
				DBF285A5208B8EC400F9ED7B /* Models */,
				DBF2858F208B664B00F9ED7B /* Views */,
				DBF285B1208BA48600F9ED7B /* Cells */,
				DBF285B8208BADF200F9ED7B /* Services */,
			);
			path = ImageRecognitionTest;
			sourceTree = "<group>";
		};
		DBF2858E208B663C00F9ED7B /* ViewControllers */ = {
			isa = PBXGroup;
			children = (
				D29FFAF6208A4F6700D46F79 /* CameraViewController.swift */,
				DBF285A1208B8EB200F9ED7B /* BaseLanguageViewController.swift */,
				DBF285A3208B8EBE00F9ED7B /* TargetLanguageViewController.swift */,
			);
			path = ViewControllers;
			sourceTree = "<group>";
		};
		DBF2858F208B664B00F9ED7B /* Views */ = {
			isa = PBXGroup;
			children = (
				D29FFB0C208A585300D46F79 /* CameraView.swift */,
				DBF28590208B666A00F9ED7B /* DismissViewTemplate.swift */,
				DBF285A8208B8EF900F9ED7B /* BaseLanguageView.swift */,
				DBF285AA208B8F0800F9ED7B /* TargetLanguageView.swift */,
			);
			path = Views;
			sourceTree = "<group>";
		};
		DBF285A5208B8EC400F9ED7B /* Models */ = {
			isa = PBXGroup;
			children = (
				811BC26F208BDBE40015F033 /* NetworkHelper.swift */,
				DBF285A6208B8EE000F9ED7B /* TextToSpeechAPI.swift */,
				DBF285B4208BA4F200F9ED7B /* Languages.swift */,
			);
			path = Models;
			sourceTree = "<group>";
		};
		DBF285B1208BA48600F9ED7B /* Cells */ = {
			isa = PBXGroup;
			children = (
				DBF285B2208BA49D00F9ED7B /* LanguageTableViewCell.swift */,
			);
			path = Cells;
			sourceTree = "<group>";
		};
		DBF285B8208BADF200F9ED7B /* Services */ = {
			isa = PBXGroup;
			children = (
				DBF285B9208BAE1B00F9ED7B /* UserDefaultsHelper.swift */,
			);
			path = Services;
			sourceTree = "<group>";
		};
/* End PBXGroup section */

/* Begin PBXNativeTarget section */
		D29FFAF0208A4F6700D46F79 /* ImageRecognitionTest */ = {
			isa = PBXNativeTarget;
			buildConfigurationList = D29FFB03208A4F6700D46F79 /* Build configuration list for PBXNativeTarget "ImageRecognitionTest" */;
			buildPhases = (
				D29FFAED208A4F6700D46F79 /* Sources */,
				D29FFAEE208A4F6700D46F79 /* Frameworks */,
				D29FFAEF208A4F6700D46F79 /* Resources */,
			);
			buildRules = (
			);
			dependencies = (
			);
			name = ImageRecognitionTest;
			productName = ImageRecognitionTest;
			productReference = D29FFAF1208A4F6700D46F79 /* ImageRecognitionTest.app */;
			productType = "com.apple.product-type.application";
		};
/* End PBXNativeTarget section */

/* Begin PBXProject section */
		D29FFAE9208A4F6700D46F79 /* Project object */ = {
			isa = PBXProject;
			attributes = {
				LastSwiftUpdateCheck = 0920;
				LastUpgradeCheck = 0930;
				ORGANIZATIONNAME = "Lisa J";
				TargetAttributes = {
					D29FFAF0208A4F6700D46F79 = {
						CreatedOnToolsVersion = 9.2;
						ProvisioningStyle = Automatic;
					};
				};
			};
			buildConfigurationList = D29FFAEC208A4F6700D46F79 /* Build configuration list for PBXProject "ImageRecognitionTest" */;
			compatibilityVersion = "Xcode 8.0";
			developmentRegion = en;
			hasScannedForEncodings = 0;
			knownRegions = (
				en,
				Base,
			);
			mainGroup = D29FFAE8208A4F6700D46F79;
			productRefGroup = D29FFAF2208A4F6700D46F79 /* Products */;
			projectDirPath = "";
			projectRoot = "";
			targets = (
				D29FFAF0208A4F6700D46F79 /* ImageRecognitionTest */,
			);
		};
/* End PBXProject section */

/* Begin PBXResourcesBuildPhase section */
		D29FFAEF208A4F6700D46F79 /* Resources */ = {
			isa = PBXResourcesBuildPhase;
			buildActionMask = 2147483647;
			files = (
				D29FFAFF208A4F6700D46F79 /* LaunchScreen.storyboard in Resources */,
				D29FFAFC208A4F6700D46F79 /* Assets.xcassets in Resources */,
			);
			runOnlyForDeploymentPostprocessing = 0;
		};
/* End PBXResourcesBuildPhase section */

/* Begin PBXSourcesBuildPhase section */
		D29FFAED208A4F6700D46F79 /* Sources */ = {
			isa = PBXSourcesBuildPhase;
			buildActionMask = 2147483647;
			files = (
				811BC270208BDBE40015F033 /* NetworkHelper.swift in Sources */,
				D29FFB0D208A585300D46F79 /* CameraView.swift in Sources */,
				DBF285BA208BAE1B00F9ED7B /* UserDefaultsHelper.swift in Sources */,
				DBF285AB208B8F0800F9ED7B /* TargetLanguageView.swift in Sources */,
				DBF28591208B666A00F9ED7B /* DismissViewTemplate.swift in Sources */,
				D29FFAF7208A4F6700D46F79 /* CameraViewController.swift in Sources */,
				DBF285A4208B8EBE00F9ED7B /* TargetLanguageViewController.swift in Sources */,
				DBF285B5208BA4F200F9ED7B /* Languages.swift in Sources */,
				D29FFB0B208A561500D46F79 /* Resnet50.mlmodel in Sources */,
				DBF285A7208B8EE000F9ED7B /* TextToSpeechAPI.swift in Sources */,
				DBF285B3208BA49D00F9ED7B /* LanguageTableViewCell.swift in Sources */,
				DBF285A9208B8EF900F9ED7B /* BaseLanguageView.swift in Sources */,
				DBF285A2208B8EB200F9ED7B /* BaseLanguageViewController.swift in Sources */,
				D29FFAF5208A4F6700D46F79 /* AppDelegate.swift in Sources */,
			);
			runOnlyForDeploymentPostprocessing = 0;
		};
/* End PBXSourcesBuildPhase section */

/* Begin PBXVariantGroup section */
		D29FFAFD208A4F6700D46F79 /* LaunchScreen.storyboard */ = {
			isa = PBXVariantGroup;
			children = (
				D29FFAFE208A4F6700D46F79 /* Base */,
			);
			name = LaunchScreen.storyboard;
			sourceTree = "<group>";
		};
/* End PBXVariantGroup section */

/* Begin XCBuildConfiguration section */
		D29FFB01208A4F6700D46F79 /* Debug */ = {
			isa = XCBuildConfiguration;
			buildSettings = {
				ALWAYS_SEARCH_USER_PATHS = NO;
				CLANG_ANALYZER_NONNULL = YES;
				CLANG_ANALYZER_NUMBER_OBJECT_CONVERSION = YES_AGGRESSIVE;
				CLANG_CXX_LANGUAGE_STANDARD = "gnu++14";
				CLANG_CXX_LIBRARY = "libc++";
				CLANG_ENABLE_MODULES = YES;
				CLANG_ENABLE_OBJC_ARC = YES;
				CLANG_WARN_BLOCK_CAPTURE_AUTORELEASING = YES;
				CLANG_WARN_BOOL_CONVERSION = YES;
				CLANG_WARN_COMMA = YES;
				CLANG_WARN_CONSTANT_CONVERSION = YES;
				CLANG_WARN_DEPRECATED_OBJC_IMPLEMENTATIONS = YES;
				CLANG_WARN_DIRECT_OBJC_ISA_USAGE = YES_ERROR;
				CLANG_WARN_DOCUMENTATION_COMMENTS = YES;
				CLANG_WARN_EMPTY_BODY = YES;
				CLANG_WARN_ENUM_CONVERSION = YES;
				CLANG_WARN_INFINITE_RECURSION = YES;
				CLANG_WARN_INT_CONVERSION = YES;
				CLANG_WARN_NON_LITERAL_NULL_CONVERSION = YES;
				CLANG_WARN_OBJC_IMPLICIT_RETAIN_SELF = YES;
				CLANG_WARN_OBJC_LITERAL_CONVERSION = YES;
				CLANG_WARN_OBJC_ROOT_CLASS = YES_ERROR;
				CLANG_WARN_RANGE_LOOP_ANALYSIS = YES;
				CLANG_WARN_STRICT_PROTOTYPES = YES;
				CLANG_WARN_SUSPICIOUS_MOVE = YES;
				CLANG_WARN_UNGUARDED_AVAILABILITY = YES_AGGRESSIVE;
				CLANG_WARN_UNREACHABLE_CODE = YES;
				CLANG_WARN__DUPLICATE_METHOD_MATCH = YES;
				CODE_SIGN_IDENTITY = "iPhone Developer";
				COPY_PHASE_STRIP = NO;
				DEBUG_INFORMATION_FORMAT = dwarf;
				ENABLE_STRICT_OBJC_MSGSEND = YES;
				ENABLE_TESTABILITY = YES;
				GCC_C_LANGUAGE_STANDARD = gnu11;
				GCC_DYNAMIC_NO_PIC = NO;
				GCC_NO_COMMON_BLOCKS = YES;
				GCC_OPTIMIZATION_LEVEL = 0;
				GCC_PREPROCESSOR_DEFINITIONS = (
					"DEBUG=1",
					"$(inherited)",
				);
				GCC_WARN_64_TO_32_BIT_CONVERSION = YES;
				GCC_WARN_ABOUT_RETURN_TYPE = YES_ERROR;
				GCC_WARN_UNDECLARED_SELECTOR = YES;
				GCC_WARN_UNINITIALIZED_AUTOS = YES_AGGRESSIVE;
				GCC_WARN_UNUSED_FUNCTION = YES;
				GCC_WARN_UNUSED_VARIABLE = YES;
				IPHONEOS_DEPLOYMENT_TARGET = 11.2;
				MTL_ENABLE_DEBUG_INFO = YES;
				ONLY_ACTIVE_ARCH = YES;
				SDKROOT = iphoneos;
				SWIFT_ACTIVE_COMPILATION_CONDITIONS = DEBUG;
				SWIFT_OPTIMIZATION_LEVEL = "-Onone";
			};
			name = Debug;
		};
		D29FFB02208A4F6700D46F79 /* Release */ = {
			isa = XCBuildConfiguration;
			buildSettings = {
				ALWAYS_SEARCH_USER_PATHS = NO;
				CLANG_ANALYZER_NONNULL = YES;
				CLANG_ANALYZER_NUMBER_OBJECT_CONVERSION = YES_AGGRESSIVE;
				CLANG_CXX_LANGUAGE_STANDARD = "gnu++14";
				CLANG_CXX_LIBRARY = "libc++";
				CLANG_ENABLE_MODULES = YES;
				CLANG_ENABLE_OBJC_ARC = YES;
				CLANG_WARN_BLOCK_CAPTURE_AUTORELEASING = YES;
				CLANG_WARN_BOOL_CONVERSION = YES;
				CLANG_WARN_COMMA = YES;
				CLANG_WARN_CONSTANT_CONVERSION = YES;
				CLANG_WARN_DEPRECATED_OBJC_IMPLEMENTATIONS = YES;
				CLANG_WARN_DIRECT_OBJC_ISA_USAGE = YES_ERROR;
				CLANG_WARN_DOCUMENTATION_COMMENTS = YES;
				CLANG_WARN_EMPTY_BODY = YES;
				CLANG_WARN_ENUM_CONVERSION = YES;
				CLANG_WARN_INFINITE_RECURSION = YES;
				CLANG_WARN_INT_CONVERSION = YES;
				CLANG_WARN_NON_LITERAL_NULL_CONVERSION = YES;
				CLANG_WARN_OBJC_IMPLICIT_RETAIN_SELF = YES;
				CLANG_WARN_OBJC_LITERAL_CONVERSION = YES;
				CLANG_WARN_OBJC_ROOT_CLASS = YES_ERROR;
				CLANG_WARN_RANGE_LOOP_ANALYSIS = YES;
				CLANG_WARN_STRICT_PROTOTYPES = YES;
				CLANG_WARN_SUSPICIOUS_MOVE = YES;
				CLANG_WARN_UNGUARDED_AVAILABILITY = YES_AGGRESSIVE;
				CLANG_WARN_UNREACHABLE_CODE = YES;
				CLANG_WARN__DUPLICATE_METHOD_MATCH = YES;
				CODE_SIGN_IDENTITY = "iPhone Developer";
				COPY_PHASE_STRIP = NO;
				DEBUG_INFORMATION_FORMAT = "dwarf-with-dsym";
				ENABLE_NS_ASSERTIONS = NO;
				ENABLE_STRICT_OBJC_MSGSEND = YES;
				GCC_C_LANGUAGE_STANDARD = gnu11;
				GCC_NO_COMMON_BLOCKS = YES;
				GCC_WARN_64_TO_32_BIT_CONVERSION = YES;
				GCC_WARN_ABOUT_RETURN_TYPE = YES_ERROR;
				GCC_WARN_UNDECLARED_SELECTOR = YES;
				GCC_WARN_UNINITIALIZED_AUTOS = YES_AGGRESSIVE;
				GCC_WARN_UNUSED_FUNCTION = YES;
				GCC_WARN_UNUSED_VARIABLE = YES;
				IPHONEOS_DEPLOYMENT_TARGET = 11.2;
				MTL_ENABLE_DEBUG_INFO = NO;
				SDKROOT = iphoneos;
				SWIFT_OPTIMIZATION_LEVEL = "-Owholemodule";
				VALIDATE_PRODUCT = YES;
			};
			name = Release;
		};
		D29FFB04208A4F6700D46F79 /* Debug */ = {
			isa = XCBuildConfiguration;
			buildSettings = {
				ASSETCATALOG_COMPILER_APPICON_NAME = AppIcon;
				CODE_SIGN_STYLE = Automatic;
				DEVELOPMENT_TEAM = J4UC96YYKT;
				INFOPLIST_FILE = ImageRecognitionTest/Info.plist;
				LD_RUNPATH_SEARCH_PATHS = "$(inherited) @executable_path/Frameworks";
				PRODUCT_BUNDLE_IDENTIFIER = "lisa-j.ImageRecognitionTest";
				PRODUCT_NAME = "$(TARGET_NAME)";
				SWIFT_VERSION = 4.0;
				TARGETED_DEVICE_FAMILY = "1,2";
			};
			name = Debug;
		};
		D29FFB05208A4F6700D46F79 /* Release */ = {
			isa = XCBuildConfiguration;
			buildSettings = {
				ASSETCATALOG_COMPILER_APPICON_NAME = AppIcon;
				CODE_SIGN_STYLE = Automatic;
				DEVELOPMENT_TEAM = J4UC96YYKT;
				INFOPLIST_FILE = ImageRecognitionTest/Info.plist;
				LD_RUNPATH_SEARCH_PATHS = "$(inherited) @executable_path/Frameworks";
				PRODUCT_BUNDLE_IDENTIFIER = "lisa-j.ImageRecognitionTest";
				PRODUCT_NAME = "$(TARGET_NAME)";
				SWIFT_VERSION = 4.0;
				TARGETED_DEVICE_FAMILY = "1,2";
			};
			name = Release;
		};
/* End XCBuildConfiguration section */

/* Begin XCConfigurationList section */
		D29FFAEC208A4F6700D46F79 /* Build configuration list for PBXProject "ImageRecognitionTest" */ = {
			isa = XCConfigurationList;
			buildConfigurations = (
				D29FFB01208A4F6700D46F79 /* Debug */,
				D29FFB02208A4F6700D46F79 /* Release */,
			);
			defaultConfigurationIsVisible = 0;
			defaultConfigurationName = Release;
		};
		D29FFB03208A4F6700D46F79 /* Build configuration list for PBXNativeTarget "ImageRecognitionTest" */ = {
			isa = XCConfigurationList;
			buildConfigurations = (
				D29FFB04208A4F6700D46F79 /* Debug */,
				D29FFB05208A4F6700D46F79 /* Release */,
			);
			defaultConfigurationIsVisible = 0;
			defaultConfigurationName = Release;
		};
/* End XCConfigurationList section */
	};
	rootObject = D29FFAE9208A4F6700D46F79 /* Project object */;
}
